// !$*UTF8*$!
{
	archiveVersion = 1;
	classes = {
	};
	objectVersion = 46;
	objects = {

/* Begin PBXBuildFile section */
		6A1BB769191410A20087D0ED /* Foundation.framework in Frameworks */ = {isa = PBXBuildFile; fileRef = 6A1BB768191410A20087D0ED /* Foundation.framework */; };
		6A1BB76B191410A20087D0ED /* CoreGraphics.framework in Frameworks */ = {isa = PBXBuildFile; fileRef = 6A1BB76A191410A20087D0ED /* CoreGraphics.framework */; };
		6A1BB76D191410A20087D0ED /* UIKit.framework in Frameworks */ = {isa = PBXBuildFile; fileRef = 6A1BB76C191410A20087D0ED /* UIKit.framework */; };
		6A1BB76F191410A20087D0ED /* SpriteKit.framework in Frameworks */ = {isa = PBXBuildFile; fileRef = 6A1BB76E191410A20087D0ED /* SpriteKit.framework */; };
		6A1BB775191410A20087D0ED /* InfoPlist.strings in Resources */ = {isa = PBXBuildFile; fileRef = 6A1BB773191410A20087D0ED /* InfoPlist.strings */; };
		6A1BB777191410A20087D0ED /* main.m in Sources */ = {isa = PBXBuildFile; fileRef = 6A1BB776191410A20087D0ED /* main.m */; };
		6A1BB77B191410A20087D0ED /* AppDelegate.m in Sources */ = {isa = PBXBuildFile; fileRef = 6A1BB77A191410A20087D0ED /* AppDelegate.m */; };
		6A1BB77E191410A20087D0ED /* Main.storyboard in Resources */ = {isa = PBXBuildFile; fileRef = 6A1BB77C191410A20087D0ED /* Main.storyboard */; };
		6A1BB781191410A20087D0ED /* ViewController.m in Sources */ = {isa = PBXBuildFile; fileRef = 6A1BB780191410A20087D0ED /* ViewController.m */; };
		6A1BB784191410A20087D0ED /* MyScene.m in Sources */ = {isa = PBXBuildFile; fileRef = 6A1BB783191410A20087D0ED /* MyScene.m */; };
		6A1BB786191410A20087D0ED /* Spaceship.png in Resources */ = {isa = PBXBuildFile; fileRef = 6A1BB785191410A20087D0ED /* Spaceship.png */; };
		6A1BB788191410A20087D0ED /* Images.xcassets in Resources */ = {isa = PBXBuildFile; fileRef = 6A1BB787191410A20087D0ED /* Images.xcassets */; };
		6A1BB78F191410A20087D0ED /* XCTest.framework in Frameworks */ = {isa = PBXBuildFile; fileRef = 6A1BB78E191410A20087D0ED /* XCTest.framework */; };
		6A1BB790191410A20087D0ED /* Foundation.framework in Frameworks */ = {isa = PBXBuildFile; fileRef = 6A1BB768191410A20087D0ED /* Foundation.framework */; };
		6A1BB791191410A20087D0ED /* UIKit.framework in Frameworks */ = {isa = PBXBuildFile; fileRef = 6A1BB76C191410A20087D0ED /* UIKit.framework */; };
		6A1BB799191410A20087D0ED /* InfoPlist.strings in Resources */ = {isa = PBXBuildFile; fileRef = 6A1BB797191410A20087D0ED /* InfoPlist.strings */; };
		6A1BB79B191410A20087D0ED /* XBlasterTests.m in Sources */ = {isa = PBXBuildFile; fileRef = 6A1BB79A191410A20087D0ED /* XBlasterTests.m */; };
		6A1BB7A71914184D0087D0ED /* thirteen_pixel_fonts.ttf in Resources */ = {isa = PBXBuildFile; fileRef = 6A1BB7A5191416340087D0ED /* thirteen_pixel_fonts.ttf */; };
		6A1BB7B3191439320087D0ED /* SKAction+SKTExtras.m in Sources */ = {isa = PBXBuildFile; fileRef = 6A1BB7AA191439320087D0ED /* SKAction+SKTExtras.m */; };
		6A1BB7B4191439320087D0ED /* SKEmitterNode+SKTExtras.m in Sources */ = {isa = PBXBuildFile; fileRef = 6A1BB7AC191439320087D0ED /* SKEmitterNode+SKTExtras.m */; };
		6A1BB7B5191439320087D0ED /* SKNode+SKTExtras.m in Sources */ = {isa = PBXBuildFile; fileRef = 6A1BB7AE191439320087D0ED /* SKNode+SKTExtras.m */; };
		6A1BB7B6191439320087D0ED /* SKTAudio.m in Sources */ = {isa = PBXBuildFile; fileRef = 6A1BB7B0191439320087D0ED /* SKTAudio.m */; };
		6A1BB7B7191439320087D0ED /* SKTUtils.mm in Sources */ = {isa = PBXBuildFile; fileRef = 6A1BB7B2191439320087D0ED /* SKTUtils.mm */; };
		6A1BB7BB19143A040087D0ED /* Entity.m in Sources */ = {isa = PBXBuildFile; fileRef = 6A1BB7BA19143A040087D0ED /* Entity.m */; };
		6A1BB7BE19143B970087D0ED /* PlayerShip.m in Sources */ = {isa = PBXBuildFile; fileRef = 6A1BB7BD19143B970087D0ED /* PlayerShip.m */; };
		6A1BB7C119145A9A0087D0ED /* Bullet.m in Sources */ = {isa = PBXBuildFile; fileRef = 6A1BB7C019145A9A0087D0ED /* Bullet.m */; };
/* End PBXBuildFile section */

/* Begin PBXContainerItemProxy section */
		6A1BB792191410A20087D0ED /* PBXContainerItemProxy */ = {
			isa = PBXContainerItemProxy;
			containerPortal = 6A1BB75D191410A20087D0ED /* Project object */;
			proxyType = 1;
			remoteGlobalIDString = 6A1BB764191410A20087D0ED;
			remoteInfo = XBlaster;
		};
/* End PBXContainerItemProxy section */

/* Begin PBXFileReference section */
		6A1BB765191410A20087D0ED /* XBlaster.app */ = {isa = PBXFileReference; explicitFileType = wrapper.application; includeInIndex = 0; path = XBlaster.app; sourceTree = BUILT_PRODUCTS_DIR; };
		6A1BB768191410A20087D0ED /* Foundation.framework */ = {isa = PBXFileReference; lastKnownFileType = wrapper.framework; name = Foundation.framework; path = System/Library/Frameworks/Foundation.framework; sourceTree = SDKROOT; };
		6A1BB76A191410A20087D0ED /* CoreGraphics.framework */ = {isa = PBXFileReference; lastKnownFileType = wrapper.framework; name = CoreGraphics.framework; path = System/Library/Frameworks/CoreGraphics.framework; sourceTree = SDKROOT; };
		6A1BB76C191410A20087D0ED /* UIKit.framework */ = {isa = PBXFileReference; lastKnownFileType = wrapper.framework; name = UIKit.framework; path = System/Library/Frameworks/UIKit.framework; sourceTree = SDKROOT; };
		6A1BB76E191410A20087D0ED /* SpriteKit.framework */ = {isa = PBXFileReference; lastKnownFileType = wrapper.framework; name = SpriteKit.framework; path = System/Library/Frameworks/SpriteKit.framework; sourceTree = SDKROOT; };
		6A1BB772191410A20087D0ED /* XBlaster-Info.plist */ = {isa = PBXFileReference; lastKnownFileType = text.plist.xml; path = "XBlaster-Info.plist"; sourceTree = "<group>"; };
		6A1BB774191410A20087D0ED /* en */ = {isa = PBXFileReference; lastKnownFileType = text.plist.strings; name = en; path = en.lproj/InfoPlist.strings; sourceTree = "<group>"; };
		6A1BB776191410A20087D0ED /* main.m */ = {isa = PBXFileReference; lastKnownFileType = sourcecode.c.objc; path = main.m; sourceTree = "<group>"; };
		6A1BB778191410A20087D0ED /* XBlaster-Prefix.pch */ = {isa = PBXFileReference; lastKnownFileType = sourcecode.c.h; path = "XBlaster-Prefix.pch"; sourceTree = "<group>"; };
		6A1BB779191410A20087D0ED /* AppDelegate.h */ = {isa = PBXFileReference; lastKnownFileType = sourcecode.c.h; path = AppDelegate.h; sourceTree = "<group>"; };
		6A1BB77A191410A20087D0ED /* AppDelegate.m */ = {isa = PBXFileReference; lastKnownFileType = sourcecode.c.objc; path = AppDelegate.m; sourceTree = "<group>"; };
		6A1BB77D191410A20087D0ED /* Base */ = {isa = PBXFileReference; lastKnownFileType = file.storyboard; name = Base; path = Base.lproj/Main.storyboard; sourceTree = "<group>"; };
		6A1BB77F191410A20087D0ED /* ViewController.h */ = {isa = PBXFileReference; lastKnownFileType = sourcecode.c.h; path = ViewController.h; sourceTree = "<group>"; };
		6A1BB780191410A20087D0ED /* ViewController.m */ = {isa = PBXFileReference; lastKnownFileType = sourcecode.c.objc; path = ViewController.m; sourceTree = "<group>"; };
		6A1BB782191410A20087D0ED /* MyScene.h */ = {isa = PBXFileReference; lastKnownFileType = sourcecode.c.h; path = MyScene.h; sourceTree = "<group>"; };
		6A1BB783191410A20087D0ED /* MyScene.m */ = {isa = PBXFileReference; lastKnownFileType = sourcecode.c.objc; path = MyScene.m; sourceTree = "<group>"; };
		6A1BB785191410A20087D0ED /* Spaceship.png */ = {isa = PBXFileReference; lastKnownFileType = image.png; path = Spaceship.png; sourceTree = "<group>"; };
		6A1BB787191410A20087D0ED /* Images.xcassets */ = {isa = PBXFileReference; lastKnownFileType = folder.assetcatalog; path = Images.xcassets; sourceTree = "<group>"; };
		6A1BB78D191410A20087D0ED /* XBlasterTests.xctest */ = {isa = PBXFileReference; explicitFileType = wrapper.cfbundle; includeInIndex = 0; path = XBlasterTests.xctest; sourceTree = BUILT_PRODUCTS_DIR; };
		6A1BB78E191410A20087D0ED /* XCTest.framework */ = {isa = PBXFileReference; lastKnownFileType = wrapper.framework; name = XCTest.framework; path = Library/Frameworks/XCTest.framework; sourceTree = DEVELOPER_DIR; };
		6A1BB796191410A20087D0ED /* XBlasterTests-Info.plist */ = {isa = PBXFileReference; lastKnownFileType = text.plist.xml; path = "XBlasterTests-Info.plist"; sourceTree = "<group>"; };
		6A1BB798191410A20087D0ED /* en */ = {isa = PBXFileReference; lastKnownFileType = text.plist.strings; name = en; path = en.lproj/InfoPlist.strings; sourceTree = "<group>"; };
		6A1BB79A191410A20087D0ED /* XBlasterTests.m */ = {isa = PBXFileReference; lastKnownFileType = sourcecode.c.objc; path = XBlasterTests.m; sourceTree = "<group>"; };
		6A1BB7A5191416340087D0ED /* thirteen_pixel_fonts.ttf */ = {isa = PBXFileReference; lastKnownFileType = file; path = thirteen_pixel_fonts.ttf; sourceTree = "<group>"; };
		6A1BB7A9191439320087D0ED /* SKAction+SKTExtras.h */ = {isa = PBXFileReference; fileEncoding = 4; lastKnownFileType = sourcecode.c.h; path = "SKAction+SKTExtras.h"; sourceTree = "<group>"; };
		6A1BB7AA191439320087D0ED /* SKAction+SKTExtras.m */ = {isa = PBXFileReference; fileEncoding = 4; lastKnownFileType = sourcecode.c.objc; path = "SKAction+SKTExtras.m"; sourceTree = "<group>"; };
		6A1BB7AB191439320087D0ED /* SKEmitterNode+SKTExtras.h */ = {isa = PBXFileReference; fileEncoding = 4; lastKnownFileType = sourcecode.c.h; path = "SKEmitterNode+SKTExtras.h"; sourceTree = "<group>"; };
		6A1BB7AC191439320087D0ED /* SKEmitterNode+SKTExtras.m */ = {isa = PBXFileReference; fileEncoding = 4; lastKnownFileType = sourcecode.c.objc; path = "SKEmitterNode+SKTExtras.m"; sourceTree = "<group>"; };
		6A1BB7AD191439320087D0ED /* SKNode+SKTExtras.h */ = {isa = PBXFileReference; fileEncoding = 4; lastKnownFileType = sourcecode.c.h; path = "SKNode+SKTExtras.h"; sourceTree = "<group>"; };
		6A1BB7AE191439320087D0ED /* SKNode+SKTExtras.m */ = {isa = PBXFileReference; fileEncoding = 4; lastKnownFileType = sourcecode.c.objc; path = "SKNode+SKTExtras.m"; sourceTree = "<group>"; };
		6A1BB7AF191439320087D0ED /* SKTAudio.h */ = {isa = PBXFileReference; fileEncoding = 4; lastKnownFileType = sourcecode.c.h; path = SKTAudio.h; sourceTree = "<group>"; };
		6A1BB7B0191439320087D0ED /* SKTAudio.m */ = {isa = PBXFileReference; fileEncoding = 4; lastKnownFileType = sourcecode.c.objc; path = SKTAudio.m; sourceTree = "<group>"; };
		6A1BB7B1191439320087D0ED /* SKTUtils.h */ = {isa = PBXFileReference; fileEncoding = 4; lastKnownFileType = sourcecode.c.h; path = SKTUtils.h; sourceTree = "<group>"; };
		6A1BB7B2191439320087D0ED /* SKTUtils.mm */ = {isa = PBXFileReference; fileEncoding = 4; lastKnownFileType = sourcecode.cpp.objcpp; path = SKTUtils.mm; sourceTree = "<group>"; };
		6A1BB7B919143A040087D0ED /* Entity.h */ = {isa = PBXFileReference; fileEncoding = 4; lastKnownFileType = sourcecode.c.h; path = Entity.h; sourceTree = "<group>"; };
		6A1BB7BA19143A040087D0ED /* Entity.m */ = {isa = PBXFileReference; fileEncoding = 4; lastKnownFileType = sourcecode.c.objc; path = Entity.m; sourceTree = "<group>"; };
		6A1BB7BC19143B970087D0ED /* PlayerShip.h */ = {isa = PBXFileReference; fileEncoding = 4; lastKnownFileType = sourcecode.c.h; path = PlayerShip.h; sourceTree = "<group>"; };
		6A1BB7BD19143B970087D0ED /* PlayerShip.m */ = {isa = PBXFileReference; fileEncoding = 4; lastKnownFileType = sourcecode.c.objc; path = PlayerShip.m; sourceTree = "<group>"; };
		6A1BB7BF19145A9A0087D0ED /* Bullet.h */ = {isa = PBXFileReference; fileEncoding = 4; lastKnownFileType = sourcecode.c.h; path = Bullet.h; sourceTree = "<group>"; };
		6A1BB7C019145A9A0087D0ED /* Bullet.m */ = {isa = PBXFileReference; fileEncoding = 4; lastKnownFileType = sourcecode.c.objc; path = Bullet.m; sourceTree = "<group>"; };
/* End PBXFileReference section */

/* Begin PBXFrameworksBuildPhase section */
		6A1BB762191410A20087D0ED /* Frameworks */ = {
			isa = PBXFrameworksBuildPhase;
			buildActionMask = 2147483647;
			files = (
				6A1BB76B191410A20087D0ED /* CoreGraphics.framework in Frameworks */,
				6A1BB76D191410A20087D0ED /* UIKit.framework in Frameworks */,
				6A1BB76F191410A20087D0ED /* SpriteKit.framework in Frameworks */,
				6A1BB769191410A20087D0ED /* Foundation.framework in Frameworks */,
			);
			runOnlyForDeploymentPostprocessing = 0;
		};
		6A1BB78A191410A20087D0ED /* Frameworks */ = {
			isa = PBXFrameworksBuildPhase;
			buildActionMask = 2147483647;
			files = (
				6A1BB78F191410A20087D0ED /* XCTest.framework in Frameworks */,
				6A1BB791191410A20087D0ED /* UIKit.framework in Frameworks */,
				6A1BB790191410A20087D0ED /* Foundation.framework in Frameworks */,
			);
			runOnlyForDeploymentPostprocessing = 0;
		};
/* End PBXFrameworksBuildPhase section */

/* Begin PBXGroup section */
		6A1BB75C191410A20087D0ED = {
			isa = PBXGroup;
			children = (
				6A1BB770191410A20087D0ED /* XBlaster */,
				6A1BB794191410A20087D0ED /* XBlasterTests */,
				6A1BB767191410A20087D0ED /* Frameworks */,
				6A1BB766191410A20087D0ED /* Products */,
			);
			sourceTree = "<group>";
		};
		6A1BB766191410A20087D0ED /* Products */ = {
			isa = PBXGroup;
			children = (
				6A1BB765191410A20087D0ED /* XBlaster.app */,
				6A1BB78D191410A20087D0ED /* XBlasterTests.xctest */,
			);
			name = Products;
			sourceTree = "<group>";
		};
		6A1BB767191410A20087D0ED /* Frameworks */ = {
			isa = PBXGroup;
			children = (
				6A1BB768191410A20087D0ED /* Foundation.framework */,
				6A1BB76A191410A20087D0ED /* CoreGraphics.framework */,
				6A1BB76C191410A20087D0ED /* UIKit.framework */,
				6A1BB76E191410A20087D0ED /* SpriteKit.framework */,
				6A1BB78E191410A20087D0ED /* XCTest.framework */,
			);
			name = Frameworks;
			sourceTree = "<group>";
		};
		6A1BB770191410A20087D0ED /* XBlaster */ = {
			isa = PBXGroup;
			children = (
				6A1BB7B8191439CC0087D0ED /* Entities */,
				6A1BB7A8191439320087D0ED /* SKTUtils */,
				6A1BB779191410A20087D0ED /* AppDelegate.h */,
				6A1BB77A191410A20087D0ED /* AppDelegate.m */,
				6A1BB77C191410A20087D0ED /* Main.storyboard */,
				6A1BB77F191410A20087D0ED /* ViewController.h */,
				6A1BB780191410A20087D0ED /* ViewController.m */,
				6A1BB782191410A20087D0ED /* MyScene.h */,
				6A1BB783191410A20087D0ED /* MyScene.m */,
				6A1BB785191410A20087D0ED /* Spaceship.png */,
				6A1BB787191410A20087D0ED /* Images.xcassets */,
				6A1BB7A4191416260087D0ED /* Resources */,
				6A1BB771191410A20087D0ED /* Supporting Files */,
			);
			path = XBlaster;
			sourceTree = "<group>";
		};
		6A1BB771191410A20087D0ED /* Supporting Files */ = {
			isa = PBXGroup;
			children = (
				6A1BB772191410A20087D0ED /* XBlaster-Info.plist */,
				6A1BB773191410A20087D0ED /* InfoPlist.strings */,
				6A1BB776191410A20087D0ED /* main.m */,
				6A1BB778191410A20087D0ED /* XBlaster-Prefix.pch */,
			);
			name = "Supporting Files";
			sourceTree = "<group>";
		};
		6A1BB794191410A20087D0ED /* XBlasterTests */ = {
			isa = PBXGroup;
			children = (
				6A1BB79A191410A20087D0ED /* XBlasterTests.m */,
				6A1BB795191410A20087D0ED /* Supporting Files */,
			);
			path = XBlasterTests;
			sourceTree = "<group>";
		};
		6A1BB795191410A20087D0ED /* Supporting Files */ = {
			isa = PBXGroup;
			children = (
				6A1BB796191410A20087D0ED /* XBlasterTests-Info.plist */,
				6A1BB797191410A20087D0ED /* InfoPlist.strings */,
			);
			name = "Supporting Files";
			sourceTree = "<group>";
		};
		6A1BB7A4191416260087D0ED /* Resources */ = {
			isa = PBXGroup;
			children = (
				6A1BB7A61914178E0087D0ED /* Fonts */,
			);
			name = Resources;
			sourceTree = "<group>";
		};
		6A1BB7A61914178E0087D0ED /* Fonts */ = {
			isa = PBXGroup;
			children = (
				6A1BB7A5191416340087D0ED /* thirteen_pixel_fonts.ttf */,
			);
			name = Fonts;
			sourceTree = "<group>";
		};
		6A1BB7A8191439320087D0ED /* SKTUtils */ = {
			isa = PBXGroup;
			children = (
				6A1BB7A9191439320087D0ED /* SKAction+SKTExtras.h */,
				6A1BB7AA191439320087D0ED /* SKAction+SKTExtras.m */,
				6A1BB7AB191439320087D0ED /* SKEmitterNode+SKTExtras.h */,
				6A1BB7AC191439320087D0ED /* SKEmitterNode+SKTExtras.m */,
				6A1BB7AD191439320087D0ED /* SKNode+SKTExtras.h */,
				6A1BB7AE191439320087D0ED /* SKNode+SKTExtras.m */,
				6A1BB7AF191439320087D0ED /* SKTAudio.h */,
				6A1BB7B0191439320087D0ED /* SKTAudio.m */,
				6A1BB7B1191439320087D0ED /* SKTUtils.h */,
				6A1BB7B2191439320087D0ED /* SKTUtils.mm */,
			);
			name = SKTUtils;
			path = ../SKTUtils;
			sourceTree = "<group>";
		};
		6A1BB7B8191439CC0087D0ED /* Entities */ = {
			isa = PBXGroup;
			children = (
				6A1BB7B919143A040087D0ED /* Entity.h */,
				6A1BB7BA19143A040087D0ED /* Entity.m */,
				6A1BB7BC19143B970087D0ED /* PlayerShip.h */,
				6A1BB7BD19143B970087D0ED /* PlayerShip.m */,
				6A1BB7BF19145A9A0087D0ED /* Bullet.h */,
				6A1BB7C019145A9A0087D0ED /* Bullet.m */,
			);
			name = Entities;
			sourceTree = "<group>";
		};
/* End PBXGroup section */

/* Begin PBXNativeTarget section */
		6A1BB764191410A20087D0ED /* XBlaster */ = {
			isa = PBXNativeTarget;
			buildConfigurationList = 6A1BB79E191410A30087D0ED /* Build configuration list for PBXNativeTarget "XBlaster" */;
			buildPhases = (
				6A1BB761191410A20087D0ED /* Sources */,
				6A1BB762191410A20087D0ED /* Frameworks */,
				6A1BB763191410A20087D0ED /* Resources */,
			);
			buildRules = (
			);
			dependencies = (
			);
			name = XBlaster;
			productName = XBlaster;
			productReference = 6A1BB765191410A20087D0ED /* XBlaster.app */;
			productType = "com.apple.product-type.application";
		};
		6A1BB78C191410A20087D0ED /* XBlasterTests */ = {
			isa = PBXNativeTarget;
			buildConfigurationList = 6A1BB7A1191410A30087D0ED /* Build configuration list for PBXNativeTarget "XBlasterTests" */;
			buildPhases = (
				6A1BB789191410A20087D0ED /* Sources */,
				6A1BB78A191410A20087D0ED /* Frameworks */,
				6A1BB78B191410A20087D0ED /* Resources */,
			);
			buildRules = (
			);
			dependencies = (
				6A1BB793191410A20087D0ED /* PBXTargetDependency */,
			);
			name = XBlasterTests;
			productName = XBlasterTests;
			productReference = 6A1BB78D191410A20087D0ED /* XBlasterTests.xctest */;
			productType = "com.apple.product-type.bundle.unit-test";
		};
/* End PBXNativeTarget section */

/* Begin PBXProject section */
		6A1BB75D191410A20087D0ED /* Project object */ = {
			isa = PBXProject;
			attributes = {
				LastUpgradeCheck = 0510;
				ORGANIZATIONNAME = iPiatt;
				TargetAttributes = {
					6A1BB78C191410A20087D0ED = {
						TestTargetID = 6A1BB764191410A20087D0ED;
					};
				};
			};
			buildConfigurationList = 6A1BB760191410A20087D0ED /* Build configuration list for PBXProject "XBlaster" */;
			compatibilityVersion = "Xcode 3.2";
			developmentRegion = English;
			hasScannedForEncodings = 0;
			knownRegions = (
				en,
				Base,
			);
			mainGroup = 6A1BB75C191410A20087D0ED;
			productRefGroup = 6A1BB766191410A20087D0ED /* Products */;
			projectDirPath = "";
			projectRoot = "";
			targets = (
				6A1BB764191410A20087D0ED /* XBlaster */,
				6A1BB78C191410A20087D0ED /* XBlasterTests */,
			);
		};
/* End PBXProject section */

/* Begin PBXResourcesBuildPhase section */
		6A1BB763191410A20087D0ED /* Resources */ = {
			isa = PBXResourcesBuildPhase;
			buildActionMask = 2147483647;
			files = (
				6A1BB7A71914184D0087D0ED /* thirteen_pixel_fonts.ttf in Resources */,
				6A1BB775191410A20087D0ED /* InfoPlist.strings in Resources */,
				6A1BB788191410A20087D0ED /* Images.xcassets in Resources */,
				6A1BB786191410A20087D0ED /* Spaceship.png in Resources */,
				6A1BB77E191410A20087D0ED /* Main.storyboard in Resources */,
			);
			runOnlyForDeploymentPostprocessing = 0;
		};
		6A1BB78B191410A20087D0ED /* Resources */ = {
			isa = PBXResourcesBuildPhase;
			buildActionMask = 2147483647;
			files = (
				6A1BB799191410A20087D0ED /* InfoPlist.strings in Resources */,
			);
			runOnlyForDeploymentPostprocessing = 0;
		};
/* End PBXResourcesBuildPhase section */

/* Begin PBXSourcesBuildPhase section */
		6A1BB761191410A20087D0ED /* Sources */ = {
			isa = PBXSourcesBuildPhase;
			buildActionMask = 2147483647;
			files = (
				6A1BB7BB19143A040087D0ED /* Entity.m in Sources */,
				6A1BB784191410A20087D0ED /* MyScene.m in Sources */,
				6A1BB7B6191439320087D0ED /* SKTAudio.m in Sources */,
				6A1BB781191410A20087D0ED /* ViewController.m in Sources */,
				6A1BB7BE19143B970087D0ED /* PlayerShip.m in Sources */,
				6A1BB7B4191439320087D0ED /* SKEmitterNode+SKTExtras.m in Sources */,
				6A1BB7B7191439320087D0ED /* SKTUtils.mm in Sources */,
				6A1BB7B3191439320087D0ED /* SKAction+SKTExtras.m in Sources */,
				6A1BB77B191410A20087D0ED /* AppDelegate.m in Sources */,
				6A1BB7B5191439320087D0ED /* SKNode+SKTExtras.m in Sources */,
				6A1BB777191410A20087D0ED /* main.m in Sources */,
				6A1BB7C119145A9A0087D0ED /* Bullet.m in Sources */,
			);
			runOnlyForDeploymentPostprocessing = 0;
		};
		6A1BB789191410A20087D0ED /* Sources */ = {
			isa = PBXSourcesBuildPhase;
			buildActionMask = 2147483647;
			files = (
				6A1BB79B191410A20087D0ED /* XBlasterTests.m in Sources */,
			);
			runOnlyForDeploymentPostprocessing = 0;
		};
/* End PBXSourcesBuildPhase section */

/* Begin PBXTargetDependency section */
		6A1BB793191410A20087D0ED /* PBXTargetDependency */ = {
			isa = PBXTargetDependency;
			target = 6A1BB764191410A20087D0ED /* XBlaster */;
			targetProxy = 6A1BB792191410A20087D0ED /* PBXContainerItemProxy */;
		};
/* End PBXTargetDependency section */

/* Begin PBXVariantGroup section */
		6A1BB773191410A20087D0ED /* InfoPlist.strings */ = {
			isa = PBXVariantGroup;
			children = (
				6A1BB774191410A20087D0ED /* en */,
			);
			name = InfoPlist.strings;
			sourceTree = "<group>";
		};
		6A1BB77C191410A20087D0ED /* Main.storyboard */ = {
			isa = PBXVariantGroup;
			children = (
				6A1BB77D191410A20087D0ED /* Base */,
			);
			name = Main.storyboard;
			sourceTree = "<group>";
		};
		6A1BB797191410A20087D0ED /* InfoPlist.strings */ = {
			isa = PBXVariantGroup;
			children = (
				6A1BB798191410A20087D0ED /* en */,
			);
			name = InfoPlist.strings;
			sourceTree = "<group>";
		};
/* End PBXVariantGroup section */

/* Begin XCBuildConfiguration section */
		6A1BB79C191410A30087D0ED /* Debug */ = {
			isa = XCBuildConfiguration;
			buildSettings = {
				ALWAYS_SEARCH_USER_PATHS = NO;
				CLANG_CXX_LANGUAGE_STANDARD = "gnu++0x";
				CLANG_CXX_LIBRARY = "libc++";
				CLANG_ENABLE_MODULES = YES;
				CLANG_ENABLE_OBJC_ARC = YES;
				CLANG_WARN_BOOL_CONVERSION = YES;
				CLANG_WARN_CONSTANT_CONVERSION = YES;
				CLANG_WARN_DIRECT_OBJC_ISA_USAGE = YES_ERROR;
				CLANG_WARN_EMPTY_BODY = YES;
				CLANG_WARN_ENUM_CONVERSION = YES;
				CLANG_WARN_INT_CONVERSION = YES;
				CLANG_WARN_OBJC_ROOT_CLASS = YES_ERROR;
				CLANG_WARN__DUPLICATE_METHOD_MATCH = YES;
				"CODE_SIGN_IDENTITY[sdk=iphoneos*]" = "iPhone Developer";
				COPY_PHASE_STRIP = NO;
				GCC_C_LANGUAGE_STANDARD = gnu99;
				GCC_DYNAMIC_NO_PIC = NO;
				GCC_OPTIMIZATION_LEVEL = 0;
				GCC_PREPROCESSOR_DEFINITIONS = (
					"DEBUG=1",
					"$(inherited)",
				);
				GCC_SYMBOLS_PRIVATE_EXTERN = NO;
				GCC_WARN_64_TO_32_BIT_CONVERSION = YES;
				GCC_WARN_ABOUT_RETURN_TYPE = YES_ERROR;
				GCC_WARN_UNDECLARED_SELECTOR = YES;
				GCC_WARN_UNINITIALIZED_AUTOS = YES_AGGRESSIVE;
				GCC_WARN_UNUSED_FUNCTION = YES;
				GCC_WARN_UNUSED_VARIABLE = YES;
				IPHONEOS_DEPLOYMENT_TARGET = 7.1;
				ONLY_ACTIVE_ARCH = YES;
				SDKROOT = iphoneos;
			};
			name = Debug;
		};
		6A1BB79D191410A30087D0ED /* Release */ = {
			isa = XCBuildConfiguration;
			buildSettings = {
				ALWAYS_SEARCH_USER_PATHS = NO;
				CLANG_CXX_LANGUAGE_STANDARD = "gnu++0x";
				CLANG_CXX_LIBRARY = "libc++";
				CLANG_ENABLE_MODULES = YES;
				CLANG_ENABLE_OBJC_ARC = YES;
				CLANG_WARN_BOOL_CONVERSION = YES;
				CLANG_WARN_CONSTANT_CONVERSION = YES;
				CLANG_WARN_DIRECT_OBJC_ISA_USAGE = YES_ERROR;
				CLANG_WARN_EMPTY_BODY = YES;
				CLANG_WARN_ENUM_CONVERSION = YES;
				CLANG_WARN_INT_CONVERSION = YES;
				CLANG_WARN_OBJC_ROOT_CLASS = YES_ERROR;
				CLANG_WARN__DUPLICATE_METHOD_MATCH = YES;
				"CODE_SIGN_IDENTITY[sdk=iphoneos*]" = "iPhone Developer";
				COPY_PHASE_STRIP = YES;
				ENABLE_NS_ASSERTIONS = NO;
				GCC_C_LANGUAGE_STANDARD = gnu99;
				GCC_WARN_64_TO_32_BIT_CONVERSION = YES;
				GCC_WARN_ABOUT_RETURN_TYPE = YES_ERROR;
				GCC_WARN_UNDECLARED_SELECTOR = YES;
				GCC_WARN_UNINITIALIZED_AUTOS = YES_AGGRESSIVE;
				GCC_WARN_UNUSED_FUNCTION = YES;
				GCC_WARN_UNUSED_VARIABLE = YES;
				IPHONEOS_DEPLOYMENT_TARGET = 7.1;
				SDKROOT = iphoneos;
				VALIDATE_PRODUCT = YES;
			};
			name = Release;
		};
		6A1BB79F191410A30087D0ED /* Debug */ = {
			isa = XCBuildConfiguration;
			buildSettings = {
				ASSETCATALOG_COMPILER_APPICON_NAME = AppIcon;
				ASSETCATALOG_COMPILER_LAUNCHIMAGE_NAME = LaunchImage;
				GCC_PRECOMPILE_PREFIX_HEADER = YES;
				GCC_PREFIX_HEADER = "XBlaster/XBlaster-Prefix.pch";
				INFOPLIST_FILE = "XBlaster/XBlaster-Info.plist";
				PRODUCT_NAME = "$(TARGET_NAME)";
				SPRITEKIT_TEXTURE_ATLAS_OUTPUT = YES;
				WRAPPER_EXTENSION = app;
			};
			name = Debug;
		};
		6A1BB7A0191410A30087D0ED /* Release */ = {
			isa = XCBuildConfiguration;
			buildSettings = {
				ASSETCATALOG_COMPILER_APPICON_NAME = AppIcon;
				ASSETCATALOG_COMPILER_LAUNCHIMAGE_NAME = LaunchImage;
				GCC_PRECOMPILE_PREFIX_HEADER = YES;
				GCC_PREFIX_HEADER = "XBlaster/XBlaster-Prefix.pch";
				INFOPLIST_FILE = "XBlaster/XBlaster-Info.plist";
				PRODUCT_NAME = "$(TARGET_NAME)";
				SPRITEKIT_TEXTURE_ATLAS_OUTPUT = YES;
				WRAPPER_EXTENSION = app;
			};
			name = Release;
		};
		6A1BB7A2191410A30087D0ED /* Debug */ = {
			isa = XCBuildConfiguration;
			buildSettings = {
				BUNDLE_LOADER = "$(BUILT_PRODUCTS_DIR)/XBlaster.app/XBlaster";
				FRAMEWORK_SEARCH_PATHS = (
					"$(SDKROOT)/Developer/Library/Frameworks",
					"$(inherited)",
					"$(DEVELOPER_FRAMEWORKS_DIR)",
				);
				GCC_PRECOMPILE_PREFIX_HEADER = YES;
				GCC_PREFIX_HEADER = "XBlaster/XBlaster-Prefix.pch";
				GCC_PREPROCESSOR_DEFINITIONS = (
					"DEBUG=1",
					"$(inherited)",
				);
				INFOPLIST_FILE = "XBlasterTests/XBlasterTests-Info.plist";
				PRODUCT_NAME = "$(TARGET_NAME)";
				TEST_HOST = "$(BUNDLE_LOADER)";
				WRAPPER_EXTENSION = xctest;
			};
			name = Debug;
		};
		6A1BB7A3191410A30087D0ED /* Release */ = {
			isa = XCBuildConfiguration;
			buildSettings = {
				BUNDLE_LOADER = "$(BUILT_PRODUCTS_DIR)/XBlaster.app/XBlaster";
				FRAMEWORK_SEARCH_PATHS = (
					"$(SDKROOT)/Developer/Library/Frameworks",
					"$(inherited)",
					"$(DEVELOPER_FRAMEWORKS_DIR)",
				);
				GCC_PRECOMPILE_PREFIX_HEADER = YES;
				GCC_PREFIX_HEADER = "XBlaster/XBlaster-Prefix.pch";
				INFOPLIST_FILE = "XBlasterTests/XBlasterTests-Info.plist";
				PRODUCT_NAME = "$(TARGET_NAME)";
				TEST_HOST = "$(BUNDLE_LOADER)";
				WRAPPER_EXTENSION = xctest;
			};
			name = Release;
		};
/* End XCBuildConfiguration section */

/* Begin XCConfigurationList section */
		6A1BB760191410A20087D0ED /* Build configuration list for PBXProject "XBlaster" */ = {
			isa = XCConfigurationList;
			buildConfigurations = (
				6A1BB79C191410A30087D0ED /* Debug */,
				6A1BB79D191410A30087D0ED /* Release */,
			);
			defaultConfigurationIsVisible = 0;
			defaultConfigurationName = Release;
		};
		6A1BB79E191410A30087D0ED /* Build configuration list for PBXNativeTarget "XBlaster" */ = {
			isa = XCConfigurationList;
			buildConfigurations = (
				6A1BB79F191410A30087D0ED /* Debug */,
				6A1BB7A0191410A30087D0ED /* Release */,
			);
			defaultConfigurationIsVisible = 0;
		};
		6A1BB7A1191410A30087D0ED /* Build configuration list for PBXNativeTarget "XBlasterTests" */ = {
			isa = XCConfigurationList;
			buildConfigurations = (
				6A1BB7A2191410A30087D0ED /* Debug */,
				6A1BB7A3191410A30087D0ED /* Release */,
			);
			defaultConfigurationIsVisible = 0;
		};
/* End XCConfigurationList section */
	};
	rootObject = 6A1BB75D191410A20087D0ED /* Project object */;
}
